
Microsoft Visual Studio Solution File, Format Version 12.00
# Visual Studio Version 17
VisualStudioVersion = 17.5.002.0
MinimumVisualStudioVersion = 10.0.40219.1
Project("{9A19103F-16F7-4668-BE54-9A1E7A4F7556}") = "final control work", "final control work.csproj", "{A1ECDC5A-CA74-4AB0-8BFC-DD9F82CB7E58}"
EndProject
Global
	GlobalSection(SolutionConfigurationPlatforms) = preSolution
		Debug|Any CPU = Debug|Any CPU
		Release|Any CPU = Release|Any CPU
	EndGlobalSection
	GlobalSection(ProjectConfigurationPlatforms) = postSolution
		{A1ECDC5A-CA74-4AB0-8BFC-DD9F82CB7E58}.Debug|Any CPU.ActiveCfg = Debug|Any CPU
		{A1ECDC5A-CA74-4AB0-8BFC-DD9F82CB7E58}.Debug|Any CPU.Build.0 = Debug|Any CPU
		{A1ECDC5A-CA74-4AB0-8BFC-DD9F82CB7E58}.Release|Any CPU.ActiveCfg = Release|Any CPU
		{A1ECDC5A-CA74-4AB0-8BFC-DD9F82CB7E58}.Release|Any CPU.Build.0 = Release|Any CPU
	EndGlobalSection
	GlobalSection(SolutionProperties) = preSolution
		HideSolutionNode = FALSE
	EndGlobalSection
	GlobalSection(ExtensibilityGlobals) = postSolution
		SolutionGuid = {B7EF1307-F543-4D74-8C26-0B52D7AB141C}
	EndGlobalSection
EndGlobal
